{
  "name": "polish-learning-functions",
  "version": "0.0.0",
  "lockfileVersion": 3,
  "requires": true,
  "packages": {
    "": {
      "name": "polish-learning-functions",
      "version": "0.0.0",
      "dependencies": {
        "@mipymetic/saas-contracts": "file:vendor/mipymetic-saas-contracts-0.5.0.tgz"
      },
      "engines": {
        "node": ">=20"
      }
    },
    "node_modules/@mipymetic/saas-contracts": {
      "version": "0.5.0",
      "resolved": "file:vendor/mipymetic-saas-contracts-0.5.0.tgz",
      "integrity": "sha512-Q9jJoOcL1C7bKxJVkTESRgntS8JCzcfEgrxaf1LRNHPs+XQeA4B7nck7EvO9VustcK3PB9c+bjG8VEUyJ5ylRw==",
      "engines": {
        "node": ">=20"
      }
    }
  }
}
