{
  "name": "polish-learning-functions",
  "version": "0.0.0",
  "lockfileVersion": 3,
  "requires": true,
  "packages": {
    "": {
      "name": "polish-learning-functions",
      "version": "0.0.0",
      "dependencies": {
        "@mipymetic/saas-contracts": "file:vendor/mipymetic-saas-contracts-0.3.0.tgz"
      },
      "engines": {
        "node": ">=20"
      }
    },
    "node_modules/@mipymetic/saas-contracts": {
      "version": "0.3.0",
      "resolved": "file:vendor/mipymetic-saas-contracts-0.3.0.tgz",
      "integrity": "sha512-TB9a8qO/q76+P4ZkYlMaq/HsPl/4hN8FbaflGII34vTkxsfFGdyHZBw2ytZ9eFF2Iya68jq5gXDB2PYS2S2SWg==",
      "engines": {
        "node": ">=20"
      }
    }
  }
}
